
Microsoft Visual Studio Solution File, Format Version 12.00
# Visual Studio Version 17
VisualStudioVersion = 17.7.34221.43
MinimumVisualStudioVersion = 10.0.40219.1
Project("{FAE04EC0-301F-11D3-BF4B-00C04F79EFBC}") = "zero-hunger", "zero-hunger\zero-hunger.csproj", "{02A3070C-E9E4-4C83-9540-079784C4CFCB}"
EndProject
Global
	GlobalSection(SolutionConfigurationPlatforms) = preSolution
		Debug|Any CPU = Debug|Any CPU
		Release|Any CPU = Release|Any CPU
	EndGlobalSection
	GlobalSection(ProjectConfigurationPlatforms) = postSolution
		{02A3070C-E9E4-4C83-9540-079784C4CFCB}.Debug|Any CPU.ActiveCfg = Debug|Any CPU
		{02A3070C-E9E4-4C83-9540-079784C4CFCB}.Debug|Any CPU.Build.0 = Debug|Any CPU
		{02A3070C-E9E4-4C83-9540-079784C4CFCB}.Release|Any CPU.ActiveCfg = Release|Any CPU
		{02A3070C-E9E4-4C83-9540-079784C4CFCB}.Release|Any CPU.Build.0 = Release|Any CPU
	EndGlobalSection
	GlobalSection(SolutionProperties) = preSolution
		HideSolutionNode = FALSE
	EndGlobalSection
	GlobalSection(ExtensibilityGlobals) = postSolution
		SolutionGuid = {78107B4C-4876-44A3-B46A-2FA48137631D}
	EndGlobalSection
EndGlobal
